Microsoft Visual Studio Solution File, Format Version 11.00
# Visual Studio 2008

Project("{432AE748-0A8E-EC09-45C6-FF4276719E14}") = "Leap Motion Trial App", "Assembly-CSharp.csproj", "{8CE4809C-6125-F85F-83D1-71D5B88D8ACF}"
EndProject
Project("{432AE748-0A8E-EC09-45C6-FF4276719E14}") = "Leap Motion Trial App", "Assembly-CSharp-Editor.csproj", "{BB954069-CEE6-2AE7-BDF5-A2340EECDE33}"
EndProject
Global
	GlobalSection(SolutionConfigurationPlatforms) = preSolution
		Debug|Any CPU = Debug|Any CPU
		Release|Any CPU = Release|Any CPU
	EndGlobalSection
	GlobalSection(ProjectConfigurationPlatforms) = postSolution
		{8CE4809C-6125-F85F-83D1-71D5B88D8ACF}.Debug|Any CPU.ActiveCfg = Debug|Any CPU
		{8CE4809C-6125-F85F-83D1-71D5B88D8ACF}.Debug|Any CPU.Build.0 = Debug|Any CPU
		{8CE4809C-6125-F85F-83D1-71D5B88D8ACF}.Release|Any CPU.ActiveCfg = Release|Any CPU
		{8CE4809C-6125-F85F-83D1-71D5B88D8ACF}.Release|Any CPU.Build.0 = Release|Any CPU
		{BB954069-CEE6-2AE7-BDF5-A2340EECDE33}.Debug|Any CPU.ActiveCfg = Debug|Any CPU
		{BB954069-CEE6-2AE7-BDF5-A2340EECDE33}.Debug|Any CPU.Build.0 = Debug|Any CPU
		{BB954069-CEE6-2AE7-BDF5-A2340EECDE33}.Release|Any CPU.ActiveCfg = Release|Any CPU
		{BB954069-CEE6-2AE7-BDF5-A2340EECDE33}.Release|Any CPU.Build.0 = Release|Any CPU
	EndGlobalSection
	GlobalSection(SolutionProperties) = preSolution
		HideSolutionNode = FALSE
	EndGlobalSection
	GlobalSection(MonoDevelopProperties) = preSolution
		StartupItem = Assembly-CSharp.csproj
	EndGlobalSection
EndGlobal
